# generated by rye
# use `rye lock` or `rye sync` to update this lockfile
#
# last locked with the following flags:
#   pre: false
#   features: []
#   all-features: false
#   with-sources: false

-e file:.
iniconfig==2.0.0
    # via pytest
maturin==1.5.1
nodeenv==1.8.0
    # via pyright
packaging==24.0
    # via pytest
pluggy==1.4.0
    # via pytest
pyright==1.1.358
pytest==8.1.1
setuptools==69.5.1
    # via nodeenv
